
Microsoft Visual Studio Solution File, Format Version 12.00
# Visual Studio Version 16
VisualStudioVersion = 16.0.29709.97
MinimumVisualStudioVersion = 10.0.40219.1
Project("{FAE04EC0-301F-11D3-BF4B-00C04F79EFBC}") = "Prektika4", "Prektika4\Prektika4.csproj", "{B59CDE73-17E2-437C-9B01-AF145681C5B0}"
EndProject
Global
	GlobalSection(SolutionConfigurationPlatforms) = preSolution
		Debug|Any CPU = Debug|Any CPU
		Release|Any CPU = Release|Any CPU
	EndGlobalSection
	GlobalSection(ProjectConfigurationPlatforms) = postSolution
		{B59CDE73-17E2-437C-9B01-AF145681C5B0}.Debug|Any CPU.ActiveCfg = Debug|Any CPU
		{B59CDE73-17E2-437C-9B01-AF145681C5B0}.Debug|Any CPU.Build.0 = Debug|Any CPU
		{B59CDE73-17E2-437C-9B01-AF145681C5B0}.Release|Any CPU.ActiveCfg = Release|Any CPU
		{B59CDE73-17E2-437C-9B01-AF145681C5B0}.Release|Any CPU.Build.0 = Release|Any CPU
	EndGlobalSection
	GlobalSection(SolutionProperties) = preSolution
		HideSolutionNode = FALSE
	EndGlobalSection
	GlobalSection(ExtensibilityGlobals) = postSolution
		SolutionGuid = {947B2C67-BD14-432B-AE5C-96E59E6665EB}
	EndGlobalSection
EndGlobal
